
Microsoft Visual Studio Solution File, Format Version 12.00
# Visual Studio Version 17
VisualStudioVersion = 17.14.35906.104 d17.14
MinimumVisualStudioVersion = 10.0.40219.1
Project("{888888A0-9F3D-457C-B088-3A5042F75D52}") = "Coin Flip", "Coin Flip\Coin Flip.pyproj", "{788F4D4F-D20F-498B-BB4C-BDCBDA6D0724}"
EndProject
Global
	GlobalSection(SolutionConfigurationPlatforms) = preSolution
		Debug|Any CPU = Debug|Any CPU
		Release|Any CPU = Release|Any CPU
	EndGlobalSection
	GlobalSection(ProjectConfigurationPlatforms) = postSolution
		{788F4D4F-D20F-498B-BB4C-BDCBDA6D0724}.Debug|Any CPU.ActiveCfg = Debug|Any CPU
		{788F4D4F-D20F-498B-BB4C-BDCBDA6D0724}.Release|Any CPU.ActiveCfg = Release|Any CPU
	EndGlobalSection
	GlobalSection(SolutionProperties) = preSolution
		HideSolutionNode = FALSE
	EndGlobalSection
	GlobalSection(ExtensibilityGlobals) = postSolution
		SolutionGuid = {D96C544C-0A66-425B-BB0E-E8C850D5D6BA}
	EndGlobalSection
EndGlobal
